// !$*UTF8*$!
{
	archiveVersion = 1;
	classes = {
	};
	objectVersion = 46;
	objects = {

/* Begin PBXBuildFile section */
		A22C95A61D2B1CE7009B6C90 /* libiRTCMIX.a in Frameworks */ = {isa = PBXBuildFile; fileRef = A22C95A51D2B1CE7009B6C90 /* libiRTCMIX.a */; };
		A22C95AE1D2B1E0E009B6C90 /* Boop.sco in Resources */ = {isa = PBXBuildFile; fileRef = A22C95AA1D2B1E0E009B6C90 /* Boop.sco */; };
		A22C95AF1D2B1E0E009B6C90 /* Bop.sco in Resources */ = {isa = PBXBuildFile; fileRef = A22C95AB1D2B1E0E009B6C90 /* Bop.sco */; };
		A22C95B01D2B1E0E009B6C90 /* Real-timeControl.sco in Resources */ = {isa = PBXBuildFile; fileRef = A22C95AC1D2B1E0E009B6C90 /* Real-timeControl.sco */; };
		A22C95B11D2B1E0E009B6C90 /* Setup.sco in Resources */ = {isa = PBXBuildFile; fileRef = A22C95AD1D2B1E0E009B6C90 /* Setup.sco */; };
		A22C95B61D2B1E7D009B6C90 /* AdamsJackhammer.aif in Resources */ = {isa = PBXBuildFile; fileRef = A22C95B31D2B1E7D009B6C90 /* AdamsJackhammer.aif */; };
		A22C95B71D2B1E7D009B6C90 /* loocher01.aif in Resources */ = {isa = PBXBuildFile; fileRef = A22C95B41D2B1E7D009B6C90 /* loocher01.aif */; };
		A22C95B81D2B1E7D009B6C90 /* loocher02.aif in Resources */ = {isa = PBXBuildFile; fileRef = A22C95B51D2B1E7D009B6C90 /* loocher02.aif */; };
		E440BF921A6717E0005E160C /* AVFoundation.framework in Frameworks */ = {isa = PBXBuildFile; fileRef = E440BF911A6717E0005E160C /* AVFoundation.framework */; };
		E4D8DDC61A61C6C000B07043 /* main.m in Sources */ = {isa = PBXBuildFile; fileRef = E4D8DDC51A61C6C000B07043 /* main.m */; };
		E4D8DDC91A61C6C000B07043 /* AppDelegate.m in Sources */ = {isa = PBXBuildFile; fileRef = E4D8DDC81A61C6C000B07043 /* AppDelegate.m */; };
		E4D8DDCC1A61C6C000B07043 /* ViewController.m in Sources */ = {isa = PBXBuildFile; fileRef = E4D8DDCB1A61C6C000B07043 /* ViewController.m */; };
		E4D8DDCF1A61C6C000B07043 /* Main.storyboard in Resources */ = {isa = PBXBuildFile; fileRef = E4D8DDCD1A61C6C000B07043 /* Main.storyboard */; };
		E4D8DDD11A61C6C000B07043 /* Images.xcassets in Resources */ = {isa = PBXBuildFile; fileRef = E4D8DDD01A61C6C000B07043 /* Images.xcassets */; };
		E4D8DDD41A61C6C000B07043 /* LaunchScreen.xib in Resources */ = {isa = PBXBuildFile; fileRef = E4D8DDD21A61C6C000B07043 /* LaunchScreen.xib */; };
		E4D8DDEE1A61C6F200B07043 /* RTcmixPlayer.m in Sources */ = {isa = PBXBuildFile; fileRef = E4D8DDEC1A61C6F200B07043 /* RTcmixPlayer.m */; };
/* End PBXBuildFile section */

/* Begin PBXFileReference section */
		A22C95A51D2B1CE7009B6C90 /* libiRTCMIX.a */ = {isa = PBXFileReference; lastKnownFileType = archive.ar; path = libiRTCMIX.a; sourceTree = "<group>"; };
		A22C95AA1D2B1E0E009B6C90 /* Boop.sco */ = {isa = PBXFileReference; fileEncoding = 4; lastKnownFileType = text; path = Boop.sco; sourceTree = "<group>"; };
		A22C95AB1D2B1E0E009B6C90 /* Bop.sco */ = {isa = PBXFileReference; fileEncoding = 4; lastKnownFileType = text; path = Bop.sco; sourceTree = "<group>"; };
		A22C95AC1D2B1E0E009B6C90 /* Real-timeControl.sco */ = {isa = PBXFileReference; fileEncoding = 4; lastKnownFileType = text; path = "Real-timeControl.sco"; sourceTree = "<group>"; };
		A22C95AD1D2B1E0E009B6C90 /* Setup.sco */ = {isa = PBXFileReference; fileEncoding = 4; lastKnownFileType = text; path = Setup.sco; sourceTree = "<group>"; };
		A22C95B31D2B1E7D009B6C90 /* AdamsJackhammer.aif */ = {isa = PBXFileReference; lastKnownFileType = file; path = AdamsJackhammer.aif; sourceTree = "<group>"; };
		A22C95B41D2B1E7D009B6C90 /* loocher01.aif */ = {isa = PBXFileReference; lastKnownFileType = file; path = loocher01.aif; sourceTree = "<group>"; };
		A22C95B51D2B1E7D009B6C90 /* loocher02.aif */ = {isa = PBXFileReference; lastKnownFileType = file; path = loocher02.aif; sourceTree = "<group>"; };
		E440BF911A6717E0005E160C /* AVFoundation.framework */ = {isa = PBXFileReference; lastKnownFileType = wrapper.framework; name = AVFoundation.framework; path = System/Library/Frameworks/AVFoundation.framework; sourceTree = SDKROOT; };
		E4D8DDC01A61C6C000B07043 /* iRTcmix3.00-demo.app */ = {isa = PBXFileReference; explicitFileType = wrapper.application; includeInIndex = 0; path = "iRTcmix3.00-demo.app"; sourceTree = BUILT_PRODUCTS_DIR; };
		E4D8DDC41A61C6C000B07043 /* Info.plist */ = {isa = PBXFileReference; lastKnownFileType = text.plist.xml; path = Info.plist; sourceTree = "<group>"; };
		E4D8DDC51A61C6C000B07043 /* main.m */ = {isa = PBXFileReference; lastKnownFileType = sourcecode.c.objc; path = main.m; sourceTree = "<group>"; };
		E4D8DDC71A61C6C000B07043 /* AppDelegate.h */ = {isa = PBXFileReference; lastKnownFileType = sourcecode.c.h; path = AppDelegate.h; sourceTree = "<group>"; };
		E4D8DDC81A61C6C000B07043 /* AppDelegate.m */ = {isa = PBXFileReference; lastKnownFileType = sourcecode.c.objc; path = AppDelegate.m; sourceTree = "<group>"; };
		E4D8DDCA1A61C6C000B07043 /* ViewController.h */ = {isa = PBXFileReference; lastKnownFileType = sourcecode.c.h; path = ViewController.h; sourceTree = "<group>"; };
		E4D8DDCB1A61C6C000B07043 /* ViewController.m */ = {isa = PBXFileReference; lastKnownFileType = sourcecode.c.objc; path = ViewController.m; sourceTree = "<group>"; };
		E4D8DDCE1A61C6C000B07043 /* Base */ = {isa = PBXFileReference; lastKnownFileType = file.storyboard; name = Base; path = Base.lproj/Main.storyboard; sourceTree = "<group>"; };
		E4D8DDD01A61C6C000B07043 /* Images.xcassets */ = {isa = PBXFileReference; lastKnownFileType = folder.assetcatalog; path = Images.xcassets; sourceTree = "<group>"; };
		E4D8DDD31A61C6C000B07043 /* Base */ = {isa = PBXFileReference; lastKnownFileType = file.xib; name = Base; path = Base.lproj/LaunchScreen.xib; sourceTree = "<group>"; };
		E4D8DDEB1A61C6F200B07043 /* RTcmixPlayer.h */ = {isa = PBXFileReference; fileEncoding = 4; lastKnownFileType = sourcecode.c.h; path = RTcmixPlayer.h; sourceTree = "<group>"; };
		E4D8DDEC1A61C6F200B07043 /* RTcmixPlayer.m */ = {isa = PBXFileReference; fileEncoding = 4; lastKnownFileType = sourcecode.c.objc; path = RTcmixPlayer.m; sourceTree = "<group>"; };
/* End PBXFileReference section */

/* Begin PBXFrameworksBuildPhase section */
		E4D8DDBD1A61C6C000B07043 /* Frameworks */ = {
			isa = PBXFrameworksBuildPhase;
			buildActionMask = 2147483647;
			files = (
				A22C95A61D2B1CE7009B6C90 /* libiRTCMIX.a in Frameworks */,
				E440BF921A6717E0005E160C /* AVFoundation.framework in Frameworks */,
			);
			runOnlyForDeploymentPostprocessing = 0;
		};
/* End PBXFrameworksBuildPhase section */

/* Begin PBXGroup section */
		A22C95A91D2B1E0E009B6C90 /* scorefiles */ = {
			isa = PBXGroup;
			children = (
				A22C95AA1D2B1E0E009B6C90 /* Boop.sco */,
				A22C95AB1D2B1E0E009B6C90 /* Bop.sco */,
				A22C95AC1D2B1E0E009B6C90 /* Real-timeControl.sco */,
				A22C95AD1D2B1E0E009B6C90 /* Setup.sco */,
			);
			path = scorefiles;
			sourceTree = "<group>";
		};
		A22C95B21D2B1E7D009B6C90 /* soundfiles */ = {
			isa = PBXGroup;
			children = (
				A22C95B31D2B1E7D009B6C90 /* AdamsJackhammer.aif */,
				A22C95B41D2B1E7D009B6C90 /* loocher01.aif */,
				A22C95B51D2B1E7D009B6C90 /* loocher02.aif */,
			);
			path = soundfiles;
			sourceTree = "<group>";
		};
		E4D8DDB71A61C6C000B07043 = {
			isa = PBXGroup;
			children = (
				E4D8DDC21A61C6C000B07043 /* files */,
				E4D8DDE91A61C6D800B07043 /* RTcmix */,
				A22C95A91D2B1E0E009B6C90 /* scorefiles */,
				A22C95B21D2B1E7D009B6C90 /* soundfiles */,
				E4D8DDC31A61C6C000B07043 /* Supporting Files */,
				E4D8DDC11A61C6C000B07043 /* Products */,
				E440BF911A6717E0005E160C /* AVFoundation.framework */,
			);
			sourceTree = "<group>";
		};
		E4D8DDC11A61C6C000B07043 /* Products */ = {
			isa = PBXGroup;
			children = (
				E4D8DDC01A61C6C000B07043 /* iRTcmix3.00-demo.app */,
			);
			name = Products;
			sourceTree = "<group>";
		};
		E4D8DDC21A61C6C000B07043 /* files */ = {
			isa = PBXGroup;
			children = (
				E4D8DDC71A61C6C000B07043 /* AppDelegate.h */,
				E4D8DDC81A61C6C000B07043 /* AppDelegate.m */,
				E4D8DDCA1A61C6C000B07043 /* ViewController.h */,
				E4D8DDCB1A61C6C000B07043 /* ViewController.m */,
				E4D8DDCD1A61C6C000B07043 /* Main.storyboard */,
				E4D8DDD01A61C6C000B07043 /* Images.xcassets */,
				E4D8DDD21A61C6C000B07043 /* LaunchScreen.xib */,
			);
			path = files;
			sourceTree = "<group>";
		};
		E4D8DDC31A61C6C000B07043 /* Supporting Files */ = {
			isa = PBXGroup;
			children = (
				E4D8DDC41A61C6C000B07043 /* Info.plist */,
				E4D8DDC51A61C6C000B07043 /* main.m */,
			);
			name = "Supporting Files";
			path = files;
			sourceTree = "<group>";
		};
		E4D8DDE91A61C6D800B07043 /* RTcmix */ = {
			isa = PBXGroup;
			children = (
				E4D8DDEB1A61C6F200B07043 /* RTcmixPlayer.h */,
				E4D8DDEC1A61C6F200B07043 /* RTcmixPlayer.m */,
				A22C95A51D2B1CE7009B6C90 /* libiRTCMIX.a */,
			);
			path = RTcmix;
			sourceTree = "<group>";
		};
/* End PBXGroup section */

/* Begin PBXNativeTarget section */
		E4D8DDBF1A61C6C000B07043 /* iRTcmix3.00-demo */ = {
			isa = PBXNativeTarget;
			buildConfigurationList = E4D8DDE31A61C6C000B07043 /* Build configuration list for PBXNativeTarget "iRTcmix3.00-demo" */;
			buildPhases = (
				E4D8DDBC1A61C6C000B07043 /* Sources */,
				E4D8DDBD1A61C6C000B07043 /* Frameworks */,
				E4D8DDBE1A61C6C000B07043 /* Resources */,
			);
			buildRules = (
			);
			dependencies = (
			);
			name = "iRTcmix3.00-demo";
			productName = "RTcmix New Library";
			productReference = E4D8DDC01A61C6C000B07043 /* iRTcmix3.00-demo.app */;
			productType = "com.apple.product-type.application";
		};
/* End PBXNativeTarget section */

/* Begin PBXProject section */
		E4D8DDB81A61C6C000B07043 /* Project object */ = {
			isa = PBXProject;
			attributes = {
				LastUpgradeCheck = 0610;
				ORGANIZATIONNAME = "Rustle Works";
				TargetAttributes = {
					E4D8DDBF1A61C6C000B07043 = {
						CreatedOnToolsVersion = 6.1.1;
					};
				};
			};
			buildConfigurationList = E4D8DDBB1A61C6C000B07043 /* Build configuration list for PBXProject "iRTcmix3.00-demo" */;
			compatibilityVersion = "Xcode 3.2";
			developmentRegion = English;
			hasScannedForEncodings = 0;
			knownRegions = (
				en,
				Base,
			);
			mainGroup = E4D8DDB71A61C6C000B07043;
			productRefGroup = E4D8DDC11A61C6C000B07043 /* Products */;
			projectDirPath = "";
			projectRoot = "";
			targets = (
				E4D8DDBF1A61C6C000B07043 /* iRTcmix3.00-demo */,
			);
		};
/* End PBXProject section */

/* Begin PBXResourcesBuildPhase section */
		E4D8DDBE1A61C6C000B07043 /* Resources */ = {
			isa = PBXResourcesBuildPhase;
			buildActionMask = 2147483647;
			files = (
				E4D8DDCF1A61C6C000B07043 /* Main.storyboard in Resources */,
				A22C95B11D2B1E0E009B6C90 /* Setup.sco in Resources */,
				A22C95B61D2B1E7D009B6C90 /* AdamsJackhammer.aif in Resources */,
				A22C95AE1D2B1E0E009B6C90 /* Boop.sco in Resources */,
				A22C95AF1D2B1E0E009B6C90 /* Bop.sco in Resources */,
				A22C95B01D2B1E0E009B6C90 /* Real-timeControl.sco in Resources */,
				E4D8DDD41A61C6C000B07043 /* LaunchScreen.xib in Resources */,
				E4D8DDD11A61C6C000B07043 /* Images.xcassets in Resources */,
				A22C95B71D2B1E7D009B6C90 /* loocher01.aif in Resources */,
				A22C95B81D2B1E7D009B6C90 /* loocher02.aif in Resources */,
			);
			runOnlyForDeploymentPostprocessing = 0;
		};
/* End PBXResourcesBuildPhase section */

/* Begin PBXSourcesBuildPhase section */
		E4D8DDBC1A61C6C000B07043 /* Sources */ = {
			isa = PBXSourcesBuildPhase;
			buildActionMask = 2147483647;
			files = (
				E4D8DDCC1A61C6C000B07043 /* ViewController.m in Sources */,
				E4D8DDEE1A61C6F200B07043 /* RTcmixPlayer.m in Sources */,
				E4D8DDC91A61C6C000B07043 /* AppDelegate.m in Sources */,
				E4D8DDC61A61C6C000B07043 /* main.m in Sources */,
			);
			runOnlyForDeploymentPostprocessing = 0;
		};
/* End PBXSourcesBuildPhase section */

/* Begin PBXVariantGroup section */
		E4D8DDCD1A61C6C000B07043 /* Main.storyboard */ = {
			isa = PBXVariantGroup;
			children = (
				E4D8DDCE1A61C6C000B07043 /* Base */,
			);
			name = Main.storyboard;
			sourceTree = "<group>";
		};
		E4D8DDD21A61C6C000B07043 /* LaunchScreen.xib */ = {
			isa = PBXVariantGroup;
			children = (
				E4D8DDD31A61C6C000B07043 /* Base */,
			);
			name = LaunchScreen.xib;
			sourceTree = "<group>";
		};
/* End PBXVariantGroup section */

/* Begin XCBuildConfiguration section */
		E4D8DDE11A61C6C000B07043 /* Debug */ = {
			isa = XCBuildConfiguration;
			buildSettings = {
				ALWAYS_SEARCH_USER_PATHS = NO;
				CLANG_CXX_LANGUAGE_STANDARD = "gnu++0x";
				CLANG_CXX_LIBRARY = "libc++";
				CLANG_ENABLE_MODULES = YES;
				CLANG_ENABLE_OBJC_ARC = YES;
				CLANG_WARN_BOOL_CONVERSION = YES;
				CLANG_WARN_CONSTANT_CONVERSION = YES;
				CLANG_WARN_DIRECT_OBJC_ISA_USAGE = YES_ERROR;
				CLANG_WARN_EMPTY_BODY = YES;
				CLANG_WARN_ENUM_CONVERSION = YES;
				CLANG_WARN_INT_CONVERSION = YES;
				CLANG_WARN_OBJC_ROOT_CLASS = YES_ERROR;
				CLANG_WARN_UNREACHABLE_CODE = YES;
				CLANG_WARN__DUPLICATE_METHOD_MATCH = YES;
				"CODE_SIGN_IDENTITY[sdk=iphoneos*]" = "iPhone Developer";
				COPY_PHASE_STRIP = NO;
				ENABLE_BITCODE = NO;
				ENABLE_STRICT_OBJC_MSGSEND = YES;
				GCC_C_LANGUAGE_STANDARD = gnu99;
				GCC_DYNAMIC_NO_PIC = NO;
				GCC_OPTIMIZATION_LEVEL = 0;
				GCC_PREPROCESSOR_DEFINITIONS = (
					"DEBUG=1",
					"$(inherited)",
				);
				GCC_SYMBOLS_PRIVATE_EXTERN = NO;
				GCC_WARN_64_TO_32_BIT_CONVERSION = YES;
				GCC_WARN_ABOUT_RETURN_TYPE = YES_ERROR;
				GCC_WARN_UNDECLARED_SELECTOR = YES;
				GCC_WARN_UNINITIALIZED_AUTOS = YES_AGGRESSIVE;
				GCC_WARN_UNUSED_FUNCTION = YES;
				GCC_WARN_UNUSED_VARIABLE = YES;
				IPHONEOS_DEPLOYMENT_TARGET = 8.1;
				MTL_ENABLE_DEBUG_INFO = YES;
				ONLY_ACTIVE_ARCH = YES;
				SDKROOT = iphoneos;
				TARGETED_DEVICE_FAMILY = "1,2";
			};
			name = Debug;
		};
		E4D8DDE21A61C6C000B07043 /* Release */ = {
			isa = XCBuildConfiguration;
			buildSettings = {
				ALWAYS_SEARCH_USER_PATHS = NO;
				CLANG_CXX_LANGUAGE_STANDARD = "gnu++0x";
				CLANG_CXX_LIBRARY = "libc++";
				CLANG_ENABLE_MODULES = YES;
				CLANG_ENABLE_OBJC_ARC = YES;
				CLANG_WARN_BOOL_CONVERSION = YES;
				CLANG_WARN_CONSTANT_CONVERSION = YES;
				CLANG_WARN_DIRECT_OBJC_ISA_USAGE = YES_ERROR;
				CLANG_WARN_EMPTY_BODY = YES;
				CLANG_WARN_ENUM_CONVERSION = YES;
				CLANG_WARN_INT_CONVERSION = YES;
				CLANG_WARN_OBJC_ROOT_CLASS = YES_ERROR;
				CLANG_WARN_UNREACHABLE_CODE = YES;
				CLANG_WARN__DUPLICATE_METHOD_MATCH = YES;
				"CODE_SIGN_IDENTITY[sdk=iphoneos*]" = "iPhone Developer";
				COPY_PHASE_STRIP = YES;
				ENABLE_BITCODE = NO;
				ENABLE_NS_ASSERTIONS = NO;
				ENABLE_STRICT_OBJC_MSGSEND = YES;
				GCC_C_LANGUAGE_STANDARD = gnu99;
				GCC_WARN_64_TO_32_BIT_CONVERSION = YES;
				GCC_WARN_ABOUT_RETURN_TYPE = YES_ERROR;
				GCC_WARN_UNDECLARED_SELECTOR = YES;
				GCC_WARN_UNINITIALIZED_AUTOS = YES_AGGRESSIVE;
				GCC_WARN_UNUSED_FUNCTION = YES;
				GCC_WARN_UNUSED_VARIABLE = YES;
				IPHONEOS_DEPLOYMENT_TARGET = 8.1;
				MTL_ENABLE_DEBUG_INFO = NO;
				SDKROOT = iphoneos;
				TARGETED_DEVICE_FAMILY = "1,2";
				VALIDATE_PRODUCT = YES;
			};
			name = Release;
		};
		E4D8DDE41A61C6C000B07043 /* Debug */ = {
			isa = XCBuildConfiguration;
			buildSettings = {
				ASSETCATALOG_COMPILER_APPICON_NAME = AppIcon;
				INFOPLIST_FILE = files/Info.plist;
				IPHONEOS_DEPLOYMENT_TARGET = 9.2;
				LD_RUNPATH_SEARCH_PATHS = "$(inherited) @executable_path/Frameworks";
				LIBRARY_SEARCH_PATHS = (
					"$(inherited)",
					"$(PROJECT_DIR)",
					"$(PROJECT_DIR)/RTcmix",
				);
				OTHER_LDFLAGS = "-lstdc++";
				PRODUCT_NAME = "iRTcmix3.00-demo";
			};
			name = Debug;
		};
		E4D8DDE51A61C6C000B07043 /* Release */ = {
			isa = XCBuildConfiguration;
			buildSettings = {
				ASSETCATALOG_COMPILER_APPICON_NAME = AppIcon;
				INFOPLIST_FILE = files/Info.plist;
				IPHONEOS_DEPLOYMENT_TARGET = 9.2;
				LD_RUNPATH_SEARCH_PATHS = "$(inherited) @executable_path/Frameworks";
				LIBRARY_SEARCH_PATHS = (
					"$(inherited)",
					"$(PROJECT_DIR)",
					"$(PROJECT_DIR)/RTcmix",
				);
				OTHER_LDFLAGS = "-lstdc++";
				PRODUCT_NAME = "iRTcmix3.00-demo";
			};
			name = Release;
		};
/* End XCBuildConfiguration section */

/* Begin XCConfigurationList section */
		E4D8DDBB1A61C6C000B07043 /* Build configuration list for PBXProject "iRTcmix3.00-demo" */ = {
			isa = XCConfigurationList;
			buildConfigurations = (
				E4D8DDE11A61C6C000B07043 /* Debug */,
				E4D8DDE21A61C6C000B07043 /* Release */,
			);
			defaultConfigurationIsVisible = 0;
			defaultConfigurationName = Release;
		};
		E4D8DDE31A61C6C000B07043 /* Build configuration list for PBXNativeTarget "iRTcmix3.00-demo" */ = {
			isa = XCConfigurationList;
			buildConfigurations = (
				E4D8DDE41A61C6C000B07043 /* Debug */,
				E4D8DDE51A61C6C000B07043 /* Release */,
			);
			defaultConfigurationIsVisible = 0;
			defaultConfigurationName = Release;
		};
/* End XCConfigurationList section */
	};
	rootObject = E4D8DDB81A61C6C000B07043 /* Project object */;
}
